// !$*UTF8*$!
{
	archiveVersion = 1;
	classes = {
	};
	objectVersion = 56;
	objects = {

/* Begin PBXBuildFile section */
		726C93062A0AF61A00190017 /* SlashSlasherApp.swift in Sources */ = {isa = PBXBuildFile; fileRef = 726C93052A0AF61A00190017 /* SlashSlasherApp.swift */; };
		726C93082A0AF61A00190017 /* MainView.swift in Sources */ = {isa = PBXBuildFile; fileRef = 726C93072A0AF61A00190017 /* MainView.swift */; };
		726C930A2A0AF61B00190017 /* Assets.xcassets in Resources */ = {isa = PBXBuildFile; fileRef = 726C93092A0AF61B00190017 /* Assets.xcassets */; };
		726C930D2A0AF61B00190017 /* Preview Assets.xcassets in Resources */ = {isa = PBXBuildFile; fileRef = 726C930C2A0AF61B00190017 /* Preview Assets.xcassets */; };
		726C93162A0AF74000190017 /* MainGameScene.swift in Sources */ = {isa = PBXBuildFile; fileRef = 726C93152A0AF74000190017 /* MainGameScene.swift */; };
		726C931C2A0B018F00190017 /* Math.swift in Sources */ = {isa = PBXBuildFile; fileRef = 726C931B2A0B018F00190017 /* Math.swift */; };
		726C931E2A0B01A200190017 /* Time.swift in Sources */ = {isa = PBXBuildFile; fileRef = 726C931D2A0B01A200190017 /* Time.swift */; };
		72BCE9E12A0B608400493AB9 /* PhysicsMask.swift in Sources */ = {isa = PBXBuildFile; fileRef = 72BCE9E02A0B608400493AB9 /* PhysicsMask.swift */; };
		72BCE9E52A0B614B00493AB9 /* PhysicsComponent.swift in Sources */ = {isa = PBXBuildFile; fileRef = 72BCE9E42A0B614B00493AB9 /* PhysicsComponent.swift */; };
		72BCE9E72A0B631E00493AB9 /* RenderComponent.swift in Sources */ = {isa = PBXBuildFile; fileRef = 72BCE9E62A0B631E00493AB9 /* RenderComponent.swift */; };
		72BCE9E92A0B63C400493AB9 /* TransformComponent.swift in Sources */ = {isa = PBXBuildFile; fileRef = 72BCE9E82A0B63C400493AB9 /* TransformComponent.swift */; };
		72BCE9F02A0B6F9200493AB9 /* GameLoop.swift in Sources */ = {isa = PBXBuildFile; fileRef = 72BCE9EF2A0B6F9200493AB9 /* GameLoop.swift */; };
		72BCE9F22A0B71DF00493AB9 /* GameLoop+SKSceneDelegate.swift in Sources */ = {isa = PBXBuildFile; fileRef = 72BCE9F12A0B71DF00493AB9 /* GameLoop+SKSceneDelegate.swift */; };
		72BCE9F42A0B721500493AB9 /* GameLoop+SKPhysicsContactDelegate.swift in Sources */ = {isa = PBXBuildFile; fileRef = 72BCE9F32A0B721500493AB9 /* GameLoop+SKPhysicsContactDelegate.swift */; };
		72BCE9F62A0B750E00493AB9 /* PlayerEntity.swift in Sources */ = {isa = PBXBuildFile; fileRef = 72BCE9F52A0B750E00493AB9 /* PlayerEntity.swift */; };
		72BCE9F82A0BFDE100493AB9 /* Renderer.swift in Sources */ = {isa = PBXBuildFile; fileRef = 72BCE9F72A0BFDE100493AB9 /* Renderer.swift */; };
		72BCE9FB2A0C022900493AB9 /* Shaders.metal in Sources */ = {isa = PBXBuildFile; fileRef = 72BCE9FA2A0C022900493AB9 /* Shaders.metal */; };
/* End PBXBuildFile section */

/* Begin PBXFileReference section */
		726C93022A0AF61A00190017 /* SlashSlasher.app */ = {isa = PBXFileReference; explicitFileType = wrapper.application; includeInIndex = 0; path = SlashSlasher.app; sourceTree = BUILT_PRODUCTS_DIR; };
		726C93052A0AF61A00190017 /* SlashSlasherApp.swift */ = {isa = PBXFileReference; lastKnownFileType = sourcecode.swift; path = SlashSlasherApp.swift; sourceTree = "<group>"; };
		726C93072A0AF61A00190017 /* MainView.swift */ = {isa = PBXFileReference; lastKnownFileType = sourcecode.swift; path = MainView.swift; sourceTree = "<group>"; };
		726C93092A0AF61B00190017 /* Assets.xcassets */ = {isa = PBXFileReference; lastKnownFileType = folder.assetcatalog; path = Assets.xcassets; sourceTree = "<group>"; };
		726C930C2A0AF61B00190017 /* Preview Assets.xcassets */ = {isa = PBXFileReference; lastKnownFileType = folder.assetcatalog; path = "Preview Assets.xcassets"; sourceTree = "<group>"; };
		726C93152A0AF74000190017 /* MainGameScene.swift */ = {isa = PBXFileReference; lastKnownFileType = sourcecode.swift; path = MainGameScene.swift; sourceTree = "<group>"; };
		726C931B2A0B018F00190017 /* Math.swift */ = {isa = PBXFileReference; lastKnownFileType = sourcecode.swift; path = Math.swift; sourceTree = "<group>"; };
		726C931D2A0B01A200190017 /* Time.swift */ = {isa = PBXFileReference; lastKnownFileType = sourcecode.swift; path = Time.swift; sourceTree = "<group>"; };
		72BCE9E02A0B608400493AB9 /* PhysicsMask.swift */ = {isa = PBXFileReference; lastKnownFileType = sourcecode.swift; path = PhysicsMask.swift; sourceTree = "<group>"; };
		72BCE9E42A0B614B00493AB9 /* PhysicsComponent.swift */ = {isa = PBXFileReference; lastKnownFileType = sourcecode.swift; path = PhysicsComponent.swift; sourceTree = "<group>"; };
		72BCE9E62A0B631E00493AB9 /* RenderComponent.swift */ = {isa = PBXFileReference; lastKnownFileType = sourcecode.swift; path = RenderComponent.swift; sourceTree = "<group>"; };
		72BCE9E82A0B63C400493AB9 /* TransformComponent.swift */ = {isa = PBXFileReference; lastKnownFileType = sourcecode.swift; path = TransformComponent.swift; sourceTree = "<group>"; };
		72BCE9EF2A0B6F9200493AB9 /* GameLoop.swift */ = {isa = PBXFileReference; lastKnownFileType = sourcecode.swift; path = GameLoop.swift; sourceTree = "<group>"; };
		72BCE9F12A0B71DF00493AB9 /* GameLoop+SKSceneDelegate.swift */ = {isa = PBXFileReference; lastKnownFileType = sourcecode.swift; path = "GameLoop+SKSceneDelegate.swift"; sourceTree = "<group>"; };
		72BCE9F32A0B721500493AB9 /* GameLoop+SKPhysicsContactDelegate.swift */ = {isa = PBXFileReference; lastKnownFileType = sourcecode.swift; path = "GameLoop+SKPhysicsContactDelegate.swift"; sourceTree = "<group>"; };
		72BCE9F52A0B750E00493AB9 /* PlayerEntity.swift */ = {isa = PBXFileReference; lastKnownFileType = sourcecode.swift; path = PlayerEntity.swift; sourceTree = "<group>"; };
		72BCE9F72A0BFDE100493AB9 /* Renderer.swift */ = {isa = PBXFileReference; lastKnownFileType = sourcecode.swift; path = Renderer.swift; sourceTree = "<group>"; };
		72BCE9F92A0C011100493AB9 /* Definitions.h */ = {isa = PBXFileReference; lastKnownFileType = sourcecode.c.h; path = Definitions.h; sourceTree = "<group>"; };
		72BCE9FA2A0C022900493AB9 /* Shaders.metal */ = {isa = PBXFileReference; lastKnownFileType = sourcecode.metal; path = Shaders.metal; sourceTree = "<group>"; };
/* End PBXFileReference section */

/* Begin PBXFrameworksBuildPhase section */
		726C92FF2A0AF61A00190017 /* Frameworks */ = {
			isa = PBXFrameworksBuildPhase;
			buildActionMask = 2147483647;
			files = (
			);
			runOnlyForDeploymentPostprocessing = 0;
		};
/* End PBXFrameworksBuildPhase section */

/* Begin PBXGroup section */
		726C92F92A0AF61A00190017 = {
			isa = PBXGroup;
			children = (
				726C93042A0AF61A00190017 /* SlashSlasher */,
				726C93032A0AF61A00190017 /* Products */,
			);
			sourceTree = "<group>";
		};
		726C93032A0AF61A00190017 /* Products */ = {
			isa = PBXGroup;
			children = (
				726C93022A0AF61A00190017 /* SlashSlasher.app */,
			);
			name = Products;
			sourceTree = "<group>";
		};
		726C93042A0AF61A00190017 /* SlashSlasher */ = {
			isa = PBXGroup;
			children = (
				726C931F2A0B01D200190017 /* Convenience */,
				726C93182A0B017000190017 /* Game */,
				726C93172A0B015900190017 /* App */,
			);
			path = SlashSlasher;
			sourceTree = "<group>";
		};
		726C930B2A0AF61B00190017 /* Preview Content */ = {
			isa = PBXGroup;
			children = (
				726C930C2A0AF61B00190017 /* Preview Assets.xcassets */,
			);
			path = "Preview Content";
			sourceTree = "<group>";
		};
		726C93172A0B015900190017 /* App */ = {
			isa = PBXGroup;
			children = (
				72BCE9FC2A0C07D700493AB9 /* Metal */,
				726C93052A0AF61A00190017 /* SlashSlasherApp.swift */,
				726C93072A0AF61A00190017 /* MainView.swift */,
				726C93092A0AF61B00190017 /* Assets.xcassets */,
				726C930B2A0AF61B00190017 /* Preview Content */,
			);
			path = App;
			sourceTree = "<group>";
		};
		726C93182A0B017000190017 /* Game */ = {
			isa = PBXGroup;
			children = (
				72BCE9EB2A0B655A00493AB9 /* Scenes */,
				72BCE9EA2A0B653B00493AB9 /* GameLoop */,
				72BCE9E22A0B610600493AB9 /* Entities */,
				72BCE9E32A0B611700493AB9 /* Components */,
				726C93282A0B5EBF00190017 /* Systems */,
			);
			path = Game;
			sourceTree = "<group>";
		};
		726C931F2A0B01D200190017 /* Convenience */ = {
			isa = PBXGroup;
			children = (
				726C931B2A0B018F00190017 /* Math.swift */,
				726C931D2A0B01A200190017 /* Time.swift */,
				72BCE9E02A0B608400493AB9 /* PhysicsMask.swift */,
			);
			path = Convenience;
			sourceTree = "<group>";
		};
		726C93282A0B5EBF00190017 /* Systems */ = {
			isa = PBXGroup;
			children = (
			);
			path = Systems;
			sourceTree = "<group>";
		};
		72BCE9E22A0B610600493AB9 /* Entities */ = {
			isa = PBXGroup;
			children = (
				72BCE9F52A0B750E00493AB9 /* PlayerEntity.swift */,
			);
			path = Entities;
			sourceTree = "<group>";
		};
		72BCE9E32A0B611700493AB9 /* Components */ = {
			isa = PBXGroup;
			children = (
				72BCE9E42A0B614B00493AB9 /* PhysicsComponent.swift */,
				72BCE9E62A0B631E00493AB9 /* RenderComponent.swift */,
				72BCE9E82A0B63C400493AB9 /* TransformComponent.swift */,
			);
			path = Components;
			sourceTree = "<group>";
		};
		72BCE9EA2A0B653B00493AB9 /* GameLoop */ = {
			isa = PBXGroup;
			children = (
				72BCE9EF2A0B6F9200493AB9 /* GameLoop.swift */,
				72BCE9F12A0B71DF00493AB9 /* GameLoop+SKSceneDelegate.swift */,
				72BCE9F32A0B721500493AB9 /* GameLoop+SKPhysicsContactDelegate.swift */,
			);
			path = GameLoop;
			sourceTree = "<group>";
		};
		72BCE9EB2A0B655A00493AB9 /* Scenes */ = {
			isa = PBXGroup;
			children = (
				726C93152A0AF74000190017 /* MainGameScene.swift */,
			);
			path = Scenes;
			sourceTree = "<group>";
		};
		72BCE9FC2A0C07D700493AB9 /* Metal */ = {
			isa = PBXGroup;
			children = (
				72BCE9F72A0BFDE100493AB9 /* Renderer.swift */,
				72BCE9F92A0C011100493AB9 /* Definitions.h */,
				72BCE9FA2A0C022900493AB9 /* Shaders.metal */,
			);
			path = Metal;
			sourceTree = "<group>";
		};
/* End PBXGroup section */

/* Begin PBXNativeTarget section */
		726C93012A0AF61A00190017 /* SlashSlasher */ = {
			isa = PBXNativeTarget;
			buildConfigurationList = 726C93102A0AF61B00190017 /* Build configuration list for PBXNativeTarget "SlashSlasher" */;
			buildPhases = (
				726C92FE2A0AF61A00190017 /* Sources */,
				726C92FF2A0AF61A00190017 /* Frameworks */,
				726C93002A0AF61A00190017 /* Resources */,
			);
			buildRules = (
			);
			dependencies = (
			);
			name = SlashSlasher;
			productName = SlashSlasher;
			productReference = 726C93022A0AF61A00190017 /* SlashSlasher.app */;
			productType = "com.apple.product-type.application";
		};
/* End PBXNativeTarget section */

/* Begin PBXProject section */
		726C92FA2A0AF61A00190017 /* Project object */ = {
			isa = PBXProject;
			attributes = {
				BuildIndependentTargetsInParallel = 1;
				LastSwiftUpdateCheck = 1430;
				LastUpgradeCheck = 1430;
				TargetAttributes = {
					726C93012A0AF61A00190017 = {
						CreatedOnToolsVersion = 14.3;
					};
				};
			};
			buildConfigurationList = 726C92FD2A0AF61A00190017 /* Build configuration list for PBXProject "SlashSlasher" */;
			compatibilityVersion = "Xcode 14.0";
			developmentRegion = en;
			hasScannedForEncodings = 0;
			knownRegions = (
				en,
				Base,
			);
			mainGroup = 726C92F92A0AF61A00190017;
			productRefGroup = 726C93032A0AF61A00190017 /* Products */;
			projectDirPath = "";
			projectRoot = "";
			targets = (
				726C93012A0AF61A00190017 /* SlashSlasher */,
			);
		};
/* End PBXProject section */

/* Begin PBXResourcesBuildPhase section */
		726C93002A0AF61A00190017 /* Resources */ = {
			isa = PBXResourcesBuildPhase;
			buildActionMask = 2147483647;
			files = (
				726C930D2A0AF61B00190017 /* Preview Assets.xcassets in Resources */,
				726C930A2A0AF61B00190017 /* Assets.xcassets in Resources */,
			);
			runOnlyForDeploymentPostprocessing = 0;
		};
/* End PBXResourcesBuildPhase section */

/* Begin PBXSourcesBuildPhase section */
		726C92FE2A0AF61A00190017 /* Sources */ = {
			isa = PBXSourcesBuildPhase;
			buildActionMask = 2147483647;
			files = (
				726C93082A0AF61A00190017 /* MainView.swift in Sources */,
				72BCE9F42A0B721500493AB9 /* GameLoop+SKPhysicsContactDelegate.swift in Sources */,
				72BCE9F82A0BFDE100493AB9 /* Renderer.swift in Sources */,
				72BCE9F02A0B6F9200493AB9 /* GameLoop.swift in Sources */,
				72BCE9E92A0B63C400493AB9 /* TransformComponent.swift in Sources */,
				72BCE9F62A0B750E00493AB9 /* PlayerEntity.swift in Sources */,
				726C93062A0AF61A00190017 /* SlashSlasherApp.swift in Sources */,
				72BCE9F22A0B71DF00493AB9 /* GameLoop+SKSceneDelegate.swift in Sources */,
				72BCE9E12A0B608400493AB9 /* PhysicsMask.swift in Sources */,
				72BCE9FB2A0C022900493AB9 /* Shaders.metal in Sources */,
				726C931E2A0B01A200190017 /* Time.swift in Sources */,
				726C93162A0AF74000190017 /* MainGameScene.swift in Sources */,
				72BCE9E52A0B614B00493AB9 /* PhysicsComponent.swift in Sources */,
				72BCE9E72A0B631E00493AB9 /* RenderComponent.swift in Sources */,
				726C931C2A0B018F00190017 /* Math.swift in Sources */,
			);
			runOnlyForDeploymentPostprocessing = 0;
		};
/* End PBXSourcesBuildPhase section */

/* Begin XCBuildConfiguration section */
		726C930E2A0AF61B00190017 /* Debug */ = {
			isa = XCBuildConfiguration;
			buildSettings = {
				ALWAYS_SEARCH_USER_PATHS = NO;
				CLANG_ANALYZER_NONNULL = YES;
				CLANG_ANALYZER_NUMBER_OBJECT_CONVERSION = YES_AGGRESSIVE;
				CLANG_CXX_LANGUAGE_STANDARD = "gnu++20";
				CLANG_ENABLE_MODULES = YES;
				CLANG_ENABLE_OBJC_ARC = YES;
				CLANG_ENABLE_OBJC_WEAK = YES;
				CLANG_WARN_BLOCK_CAPTURE_AUTORELEASING = YES;
				CLANG_WARN_BOOL_CONVERSION = YES;
				CLANG_WARN_COMMA = YES;
				CLANG_WARN_CONSTANT_CONVERSION = YES;
				CLANG_WARN_DEPRECATED_OBJC_IMPLEMENTATIONS = YES;
				CLANG_WARN_DIRECT_OBJC_ISA_USAGE = YES_ERROR;
				CLANG_WARN_DOCUMENTATION_COMMENTS = YES;
				CLANG_WARN_EMPTY_BODY = YES;
				CLANG_WARN_ENUM_CONVERSION = YES;
				CLANG_WARN_INFINITE_RECURSION = YES;
				CLANG_WARN_INT_CONVERSION = YES;
				CLANG_WARN_NON_LITERAL_NULL_CONVERSION = YES;
				CLANG_WARN_OBJC_IMPLICIT_RETAIN_SELF = YES;
				CLANG_WARN_OBJC_LITERAL_CONVERSION = YES;
				CLANG_WARN_OBJC_ROOT_CLASS = YES_ERROR;
				CLANG_WARN_QUOTED_INCLUDE_IN_FRAMEWORK_HEADER = YES;
				CLANG_WARN_RANGE_LOOP_ANALYSIS = YES;
				CLANG_WARN_STRICT_PROTOTYPES = YES;
				CLANG_WARN_SUSPICIOUS_MOVE = YES;
				CLANG_WARN_UNGUARDED_AVAILABILITY = YES_AGGRESSIVE;
				CLANG_WARN_UNREACHABLE_CODE = YES;
				CLANG_WARN__DUPLICATE_METHOD_MATCH = YES;
				COPY_PHASE_STRIP = NO;
				DEBUG_INFORMATION_FORMAT = dwarf;
				ENABLE_STRICT_OBJC_MSGSEND = YES;
				ENABLE_TESTABILITY = YES;
				GCC_C_LANGUAGE_STANDARD = gnu11;
				GCC_DYNAMIC_NO_PIC = NO;
				GCC_NO_COMMON_BLOCKS = YES;
				GCC_OPTIMIZATION_LEVEL = 0;
				GCC_PREPROCESSOR_DEFINITIONS = (
					"DEBUG=1",
					"$(inherited)",
				);
				GCC_WARN_64_TO_32_BIT_CONVERSION = YES;
				GCC_WARN_ABOUT_RETURN_TYPE = YES_ERROR;
				GCC_WARN_UNDECLARED_SELECTOR = YES;
				GCC_WARN_UNINITIALIZED_AUTOS = YES_AGGRESSIVE;
				GCC_WARN_UNUSED_FUNCTION = YES;
				GCC_WARN_UNUSED_VARIABLE = YES;
				IPHONEOS_DEPLOYMENT_TARGET = 16.4;
				MTL_ENABLE_DEBUG_INFO = INCLUDE_SOURCE;
				MTL_FAST_MATH = YES;
				ONLY_ACTIVE_ARCH = YES;
				SDKROOT = iphoneos;
				SWIFT_ACTIVE_COMPILATION_CONDITIONS = DEBUG;
				SWIFT_OPTIMIZATION_LEVEL = "-Onone";
			};
			name = Debug;
		};
		726C930F2A0AF61B00190017 /* Release */ = {
			isa = XCBuildConfiguration;
			buildSettings = {
				ALWAYS_SEARCH_USER_PATHS = NO;
				CLANG_ANALYZER_NONNULL = YES;
				CLANG_ANALYZER_NUMBER_OBJECT_CONVERSION = YES_AGGRESSIVE;
				CLANG_CXX_LANGUAGE_STANDARD = "gnu++20";
				CLANG_ENABLE_MODULES = YES;
				CLANG_ENABLE_OBJC_ARC = YES;
				CLANG_ENABLE_OBJC_WEAK = YES;
				CLANG_WARN_BLOCK_CAPTURE_AUTORELEASING = YES;
				CLANG_WARN_BOOL_CONVERSION = YES;
				CLANG_WARN_COMMA = YES;
				CLANG_WARN_CONSTANT_CONVERSION = YES;
				CLANG_WARN_DEPRECATED_OBJC_IMPLEMENTATIONS = YES;
				CLANG_WARN_DIRECT_OBJC_ISA_USAGE = YES_ERROR;
				CLANG_WARN_DOCUMENTATION_COMMENTS = YES;
				CLANG_WARN_EMPTY_BODY = YES;
				CLANG_WARN_ENUM_CONVERSION = YES;
				CLANG_WARN_INFINITE_RECURSION = YES;
				CLANG_WARN_INT_CONVERSION = YES;
				CLANG_WARN_NON_LITERAL_NULL_CONVERSION = YES;
				CLANG_WARN_OBJC_IMPLICIT_RETAIN_SELF = YES;
				CLANG_WARN_OBJC_LITERAL_CONVERSION = YES;
				CLANG_WARN_OBJC_ROOT_CLASS = YES_ERROR;
				CLANG_WARN_QUOTED_INCLUDE_IN_FRAMEWORK_HEADER = YES;
				CLANG_WARN_RANGE_LOOP_ANALYSIS = YES;
				CLANG_WARN_STRICT_PROTOTYPES = YES;
				CLANG_WARN_SUSPICIOUS_MOVE = YES;
				CLANG_WARN_UNGUARDED_AVAILABILITY = YES_AGGRESSIVE;
				CLANG_WARN_UNREACHABLE_CODE = YES;
				CLANG_WARN__DUPLICATE_METHOD_MATCH = YES;
				COPY_PHASE_STRIP = NO;
				DEBUG_INFORMATION_FORMAT = "dwarf-with-dsym";
				ENABLE_NS_ASSERTIONS = NO;
				ENABLE_STRICT_OBJC_MSGSEND = YES;
				GCC_C_LANGUAGE_STANDARD = gnu11;
				GCC_NO_COMMON_BLOCKS = YES;
				GCC_WARN_64_TO_32_BIT_CONVERSION = YES;
				GCC_WARN_ABOUT_RETURN_TYPE = YES_ERROR;
				GCC_WARN_UNDECLARED_SELECTOR = YES;
				GCC_WARN_UNINITIALIZED_AUTOS = YES_AGGRESSIVE;
				GCC_WARN_UNUSED_FUNCTION = YES;
				GCC_WARN_UNUSED_VARIABLE = YES;
				IPHONEOS_DEPLOYMENT_TARGET = 16.4;
				MTL_ENABLE_DEBUG_INFO = NO;
				MTL_FAST_MATH = YES;
				SDKROOT = iphoneos;
				SWIFT_COMPILATION_MODE = wholemodule;
				SWIFT_OPTIMIZATION_LEVEL = "-O";
				VALIDATE_PRODUCT = YES;
			};
			name = Release;
		};
		726C93112A0AF61B00190017 /* Debug */ = {
			isa = XCBuildConfiguration;
			buildSettings = {
				ASSETCATALOG_COMPILER_APPICON_NAME = AppIcon;
				ASSETCATALOG_COMPILER_GLOBAL_ACCENT_COLOR_NAME = AccentColor;
				CODE_SIGN_STYLE = Automatic;
				CURRENT_PROJECT_VERSION = 1;
				DEVELOPMENT_ASSET_PATHS = "\"SlashSlasher/App/Preview Content\"";
				DEVELOPMENT_TEAM = M7WGV6L4K2;
				ENABLE_PREVIEWS = YES;
				GENERATE_INFOPLIST_FILE = YES;
				INFOPLIST_KEY_UIApplicationSceneManifest_Generation = YES;
				INFOPLIST_KEY_UIApplicationSupportsIndirectInputEvents = YES;
				INFOPLIST_KEY_UILaunchScreen_Generation = YES;
				INFOPLIST_KEY_UISupportedInterfaceOrientations_iPad = "UIInterfaceOrientationPortrait UIInterfaceOrientationPortraitUpsideDown UIInterfaceOrientationLandscapeLeft UIInterfaceOrientationLandscapeRight";
				INFOPLIST_KEY_UISupportedInterfaceOrientations_iPhone = "UIInterfaceOrientationPortrait UIInterfaceOrientationLandscapeLeft UIInterfaceOrientationLandscapeRight";
				IPHONEOS_DEPLOYMENT_TARGET = 16.3;
				LD_RUNPATH_SEARCH_PATHS = (
					"$(inherited)",
					"@executable_path/Frameworks",
				);
				MARKETING_VERSION = 1.0;
				PRODUCT_BUNDLE_IDENTIFIER = codes.brunomyrrha.SlashSlasher;
				PRODUCT_NAME = "$(TARGET_NAME)";
				SWIFT_EMIT_LOC_STRINGS = YES;
				SWIFT_OBJC_BRIDGING_HEADER = SlashSlasher/App/Metal/Definitions.h;
				SWIFT_VERSION = 5.0;
				TARGETED_DEVICE_FAMILY = "1,2";
			};
			name = Debug;
		};
		726C93122A0AF61B00190017 /* Release */ = {
			isa = XCBuildConfiguration;
			buildSettings = {
				ASSETCATALOG_COMPILER_APPICON_NAME = AppIcon;
				ASSETCATALOG_COMPILER_GLOBAL_ACCENT_COLOR_NAME = AccentColor;
				CODE_SIGN_STYLE = Automatic;
				CURRENT_PROJECT_VERSION = 1;
				DEVELOPMENT_ASSET_PATHS = "\"SlashSlasher/App/Preview Content\"";
				DEVELOPMENT_TEAM = M7WGV6L4K2;
				ENABLE_PREVIEWS = YES;
				GENERATE_INFOPLIST_FILE = YES;
				INFOPLIST_KEY_UIApplicationSceneManifest_Generation = YES;
				INFOPLIST_KEY_UIApplicationSupportsIndirectInputEvents = YES;
				INFOPLIST_KEY_UILaunchScreen_Generation = YES;
				INFOPLIST_KEY_UISupportedInterfaceOrientations_iPad = "UIInterfaceOrientationPortrait UIInterfaceOrientationPortraitUpsideDown UIInterfaceOrientationLandscapeLeft UIInterfaceOrientationLandscapeRight";
				INFOPLIST_KEY_UISupportedInterfaceOrientations_iPhone = "UIInterfaceOrientationPortrait UIInterfaceOrientationLandscapeLeft UIInterfaceOrientationLandscapeRight";
				IPHONEOS_DEPLOYMENT_TARGET = 16.3;
				LD_RUNPATH_SEARCH_PATHS = (
					"$(inherited)",
					"@executable_path/Frameworks",
				);
				MARKETING_VERSION = 1.0;
				PRODUCT_BUNDLE_IDENTIFIER = codes.brunomyrrha.SlashSlasher;
				PRODUCT_NAME = "$(TARGET_NAME)";
				SWIFT_EMIT_LOC_STRINGS = YES;
				SWIFT_OBJC_BRIDGING_HEADER = SlashSlasher/App/Metal/Definitions.h;
				SWIFT_VERSION = 5.0;
				TARGETED_DEVICE_FAMILY = "1,2";
			};
			name = Release;
		};
/* End XCBuildConfiguration section */

/* Begin XCConfigurationList section */
		726C92FD2A0AF61A00190017 /* Build configuration list for PBXProject "SlashSlasher" */ = {
			isa = XCConfigurationList;
			buildConfigurations = (
				726C930E2A0AF61B00190017 /* Debug */,
				726C930F2A0AF61B00190017 /* Release */,
			);
			defaultConfigurationIsVisible = 0;
			defaultConfigurationName = Release;
		};
		726C93102A0AF61B00190017 /* Build configuration list for PBXNativeTarget "SlashSlasher" */ = {
			isa = XCConfigurationList;
			buildConfigurations = (
				726C93112A0AF61B00190017 /* Debug */,
				726C93122A0AF61B00190017 /* Release */,
			);
			defaultConfigurationIsVisible = 0;
			defaultConfigurationName = Release;
		};
/* End XCConfigurationList section */
	};
	rootObject = 726C92FA2A0AF61A00190017 /* Project object */;
}
